
Microsoft Visual Studio Solution File, Format Version 12.00
# Visual Studio Version 16
VisualStudioVersion = 16.0.30523.141
MinimumVisualStudioVersion = 10.0.40219.1
Project("{FAE04EC0-301F-11D3-BF4B-00C04F79EFBC}") = "PingTool", "PingTool\PingTool.csproj", "{CA4AC241-561A-4C67-BB3D-89E88B2F39FA}"
EndProject
Project("{9A19103F-16F7-4668-BE54-9A1E7A4F7556}") = "PingTool.Core", "PingTool.Core\PingTool.Core.csproj", "{C45F1ECF-89F5-42A3-B86A-303DCD70B9FF}"
EndProject
Project("{C7167F0D-BC9F-4E6E-AFE1-012C56B48DB5}") = "PingToolPackage", "PingToolPackage\PingToolPackage.wapproj", "{E85AB319-E101-43DC-A7C8-E3A195D97A77}"
EndProject
Project("{9A19103F-16F7-4668-BE54-9A1E7A4F7556}") = "PingBackground", "PingBackground\PingBackground.csproj", "{0D6C1AE0-9D92-4225-8C73-0B43D5E3B744}"
EndProject
Global
	GlobalSection(SolutionConfigurationPlatforms) = preSolution
		Debug|Any CPU = Debug|Any CPU
		Debug|ARM = Debug|ARM
		Debug|ARM64 = Debug|ARM64
		Debug|x64 = Debug|x64
		Debug|x86 = Debug|x86
		Release|Any CPU = Release|Any CPU
		Release|ARM = Release|ARM
		Release|ARM64 = Release|ARM64
		Release|x64 = Release|x64
		Release|x86 = Release|x86
	EndGlobalSection
	GlobalSection(ProjectConfigurationPlatforms) = postSolution
		{CA4AC241-561A-4C67-BB3D-89E88B2F39FA}.Debug|Any CPU.ActiveCfg = Debug|x86
		{CA4AC241-561A-4C67-BB3D-89E88B2F39FA}.Debug|ARM.ActiveCfg = Debug|ARM
		{CA4AC241-561A-4C67-BB3D-89E88B2F39FA}.Debug|ARM.Build.0 = Debug|ARM
		{CA4AC241-561A-4C67-BB3D-89E88B2F39FA}.Debug|ARM.Deploy.0 = Debug|ARM
		{CA4AC241-561A-4C67-BB3D-89E88B2F39FA}.Debug|ARM64.ActiveCfg = Debug|ARM64
		{CA4AC241-561A-4C67-BB3D-89E88B2F39FA}.Debug|ARM64.Build.0 = Debug|ARM64
		{CA4AC241-561A-4C67-BB3D-89E88B2F39FA}.Debug|ARM64.Deploy.0 = Debug|ARM64
		{CA4AC241-561A-4C67-BB3D-89E88B2F39FA}.Debug|x64.ActiveCfg = Debug|x64
		{CA4AC241-561A-4C67-BB3D-89E88B2F39FA}.Debug|x64.Build.0 = Debug|x64
		{CA4AC241-561A-4C67-BB3D-89E88B2F39FA}.Debug|x64.Deploy.0 = Debug|x64
		{CA4AC241-561A-4C67-BB3D-89E88B2F39FA}.Debug|x86.ActiveCfg = Debug|x86
		{CA4AC241-561A-4C67-BB3D-89E88B2F39FA}.Debug|x86.Build.0 = Debug|x86
		{CA4AC241-561A-4C67-BB3D-89E88B2F39FA}.Release|Any CPU.ActiveCfg = Release|x86
		{CA4AC241-561A-4C67-BB3D-89E88B2F39FA}.Release|ARM.ActiveCfg = Release|ARM
		{CA4AC241-561A-4C67-BB3D-89E88B2F39FA}.Release|ARM.Build.0 = Release|ARM
		{CA4AC241-561A-4C67-BB3D-89E88B2F39FA}.Release|ARM.Deploy.0 = Release|ARM
		{CA4AC241-561A-4C67-BB3D-89E88B2F39FA}.Release|ARM64.ActiveCfg = Release|ARM64
		{CA4AC241-561A-4C67-BB3D-89E88B2F39FA}.Release|ARM64.Build.0 = Release|ARM64
		{CA4AC241-561A-4C67-BB3D-89E88B2F39FA}.Release|ARM64.Deploy.0 = Release|ARM64
		{CA4AC241-561A-4C67-BB3D-89E88B2F39FA}.Release|x64.ActiveCfg = Release|x64
		{CA4AC241-561A-4C67-BB3D-89E88B2F39FA}.Release|x64.Build.0 = Release|x64
		{CA4AC241-561A-4C67-BB3D-89E88B2F39FA}.Release|x64.Deploy.0 = Release|x64
		{CA4AC241-561A-4C67-BB3D-89E88B2F39FA}.Release|x86.ActiveCfg = Release|x86
		{CA4AC241-561A-4C67-BB3D-89E88B2F39FA}.Release|x86.Build.0 = Release|x86
		{CA4AC241-561A-4C67-BB3D-89E88B2F39FA}.Release|x86.Deploy.0 = Release|x86
		{C45F1ECF-89F5-42A3-B86A-303DCD70B9FF}.Debug|Any CPU.ActiveCfg = Debug|Any CPU
		{C45F1ECF-89F5-42A3-B86A-303DCD70B9FF}.Debug|Any CPU.Build.0 = Debug|Any CPU
		{C45F1ECF-89F5-42A3-B86A-303DCD70B9FF}.Debug|ARM.ActiveCfg = Debug|Any CPU
		{C45F1ECF-89F5-42A3-B86A-303DCD70B9FF}.Debug|ARM.Build.0 = Debug|Any CPU
		{C45F1ECF-89F5-42A3-B86A-303DCD70B9FF}.Debug|ARM64.ActiveCfg = Debug|Any CPU
		{C45F1ECF-89F5-42A3-B86A-303DCD70B9FF}.Debug|ARM64.Build.0 = Debug|Any CPU
		{C45F1ECF-89F5-42A3-B86A-303DCD70B9FF}.Debug|x64.ActiveCfg = Debug|Any CPU
		{C45F1ECF-89F5-42A3-B86A-303DCD70B9FF}.Debug|x64.Build.0 = Debug|Any CPU
		{C45F1ECF-89F5-42A3-B86A-303DCD70B9FF}.Debug|x86.ActiveCfg = Debug|Any CPU
		{C45F1ECF-89F5-42A3-B86A-303DCD70B9FF}.Debug|x86.Build.0 = Debug|Any CPU
		{C45F1ECF-89F5-42A3-B86A-303DCD70B9FF}.Release|Any CPU.ActiveCfg = Release|Any CPU
		{C45F1ECF-89F5-42A3-B86A-303DCD70B9FF}.Release|Any CPU.Build.0 = Release|Any CPU
		{C45F1ECF-89F5-42A3-B86A-303DCD70B9FF}.Release|ARM.ActiveCfg = Release|Any CPU
		{C45F1ECF-89F5-42A3-B86A-303DCD70B9FF}.Release|ARM.Build.0 = Release|Any CPU
		{C45F1ECF-89F5-42A3-B86A-303DCD70B9FF}.Release|ARM64.ActiveCfg = Release|Any CPU
		{C45F1ECF-89F5-42A3-B86A-303DCD70B9FF}.Release|ARM64.Build.0 = Release|Any CPU
		{C45F1ECF-89F5-42A3-B86A-303DCD70B9FF}.Release|x64.ActiveCfg = Release|Any CPU
		{C45F1ECF-89F5-42A3-B86A-303DCD70B9FF}.Release|x64.Build.0 = Release|Any CPU
		{C45F1ECF-89F5-42A3-B86A-303DCD70B9FF}.Release|x86.ActiveCfg = Release|Any CPU
		{C45F1ECF-89F5-42A3-B86A-303DCD70B9FF}.Release|x86.Build.0 = Release|Any CPU
		{E85AB319-E101-43DC-A7C8-E3A195D97A77}.Debug|Any CPU.ActiveCfg = Debug|Any CPU
		{E85AB319-E101-43DC-A7C8-E3A195D97A77}.Debug|Any CPU.Build.0 = Debug|Any CPU
		{E85AB319-E101-43DC-A7C8-E3A195D97A77}.Debug|Any CPU.Deploy.0 = Debug|Any CPU
		{E85AB319-E101-43DC-A7C8-E3A195D97A77}.Debug|ARM.ActiveCfg = Debug|ARM
		{E85AB319-E101-43DC-A7C8-E3A195D97A77}.Debug|ARM.Build.0 = Debug|ARM
		{E85AB319-E101-43DC-A7C8-E3A195D97A77}.Debug|ARM.Deploy.0 = Debug|ARM
		{E85AB319-E101-43DC-A7C8-E3A195D97A77}.Debug|ARM64.ActiveCfg = Debug|ARM64
		{E85AB319-E101-43DC-A7C8-E3A195D97A77}.Debug|ARM64.Build.0 = Debug|ARM64
		{E85AB319-E101-43DC-A7C8-E3A195D97A77}.Debug|ARM64.Deploy.0 = Debug|ARM64
		{E85AB319-E101-43DC-A7C8-E3A195D97A77}.Debug|x64.ActiveCfg = Debug|x64
		{E85AB319-E101-43DC-A7C8-E3A195D97A77}.Debug|x64.Build.0 = Debug|x64
		{E85AB319-E101-43DC-A7C8-E3A195D97A77}.Debug|x64.Deploy.0 = Debug|x64
		{E85AB319-E101-43DC-A7C8-E3A195D97A77}.Debug|x86.ActiveCfg = Debug|x86
		{E85AB319-E101-43DC-A7C8-E3A195D97A77}.Debug|x86.Build.0 = Debug|x86
		{E85AB319-E101-43DC-A7C8-E3A195D97A77}.Debug|x86.Deploy.0 = Debug|x86
		{E85AB319-E101-43DC-A7C8-E3A195D97A77}.Release|Any CPU.ActiveCfg = Release|Any CPU
		{E85AB319-E101-43DC-A7C8-E3A195D97A77}.Release|Any CPU.Build.0 = Release|Any CPU
		{E85AB319-E101-43DC-A7C8-E3A195D97A77}.Release|Any CPU.Deploy.0 = Release|Any CPU
		{E85AB319-E101-43DC-A7C8-E3A195D97A77}.Release|ARM.ActiveCfg = Release|ARM
		{E85AB319-E101-43DC-A7C8-E3A195D97A77}.Release|ARM.Build.0 = Release|ARM
		{E85AB319-E101-43DC-A7C8-E3A195D97A77}.Release|ARM.Deploy.0 = Release|ARM
		{E85AB319-E101-43DC-A7C8-E3A195D97A77}.Release|ARM64.ActiveCfg = Release|ARM64
		{E85AB319-E101-43DC-A7C8-E3A195D97A77}.Release|ARM64.Build.0 = Release|ARM64
		{E85AB319-E101-43DC-A7C8-E3A195D97A77}.Release|ARM64.Deploy.0 = Release|ARM64
		{E85AB319-E101-43DC-A7C8-E3A195D97A77}.Release|x64.ActiveCfg = Release|x64
		{E85AB319-E101-43DC-A7C8-E3A195D97A77}.Release|x64.Build.0 = Release|x64
		{E85AB319-E101-43DC-A7C8-E3A195D97A77}.Release|x64.Deploy.0 = Release|x64
		{E85AB319-E101-43DC-A7C8-E3A195D97A77}.Release|x86.ActiveCfg = Release|x86
		{E85AB319-E101-43DC-A7C8-E3A195D97A77}.Release|x86.Build.0 = Release|x86
		{E85AB319-E101-43DC-A7C8-E3A195D97A77}.Release|x86.Deploy.0 = Release|x86
		{0D6C1AE0-9D92-4225-8C73-0B43D5E3B744}.Debug|Any CPU.ActiveCfg = Debug|Any CPU
		{0D6C1AE0-9D92-4225-8C73-0B43D5E3B744}.Debug|Any CPU.Build.0 = Debug|Any CPU
		{0D6C1AE0-9D92-4225-8C73-0B43D5E3B744}.Debug|ARM.ActiveCfg = Debug|Any CPU
		{0D6C1AE0-9D92-4225-8C73-0B43D5E3B744}.Debug|ARM.Build.0 = Debug|Any CPU
		{0D6C1AE0-9D92-4225-8C73-0B43D5E3B744}.Debug|ARM64.ActiveCfg = Debug|Any CPU
		{0D6C1AE0-9D92-4225-8C73-0B43D5E3B744}.Debug|ARM64.Build.0 = Debug|Any CPU
		{0D6C1AE0-9D92-4225-8C73-0B43D5E3B744}.Debug|x64.ActiveCfg = Debug|Any CPU
		{0D6C1AE0-9D92-4225-8C73-0B43D5E3B744}.Debug|x64.Build.0 = Debug|Any CPU
		{0D6C1AE0-9D92-4225-8C73-0B43D5E3B744}.Debug|x86.ActiveCfg = Debug|Any CPU
		{0D6C1AE0-9D92-4225-8C73-0B43D5E3B744}.Debug|x86.Build.0 = Debug|Any CPU
		{0D6C1AE0-9D92-4225-8C73-0B43D5E3B744}.Release|Any CPU.ActiveCfg = Release|Any CPU
		{0D6C1AE0-9D92-4225-8C73-0B43D5E3B744}.Release|Any CPU.Build.0 = Release|Any CPU
		{0D6C1AE0-9D92-4225-8C73-0B43D5E3B744}.Release|ARM.ActiveCfg = Release|Any CPU
		{0D6C1AE0-9D92-4225-8C73-0B43D5E3B744}.Release|ARM.Build.0 = Release|Any CPU
		{0D6C1AE0-9D92-4225-8C73-0B43D5E3B744}.Release|ARM64.ActiveCfg = Release|Any CPU
		{0D6C1AE0-9D92-4225-8C73-0B43D5E3B744}.Release|ARM64.Build.0 = Release|Any CPU
		{0D6C1AE0-9D92-4225-8C73-0B43D5E3B744}.Release|x64.ActiveCfg = Release|Any CPU
		{0D6C1AE0-9D92-4225-8C73-0B43D5E3B744}.Release|x64.Build.0 = Release|Any CPU
		{0D6C1AE0-9D92-4225-8C73-0B43D5E3B744}.Release|x86.ActiveCfg = Release|Any CPU
		{0D6C1AE0-9D92-4225-8C73-0B43D5E3B744}.Release|x86.Build.0 = Release|Any CPU
	EndGlobalSection
	GlobalSection(SolutionProperties) = preSolution
		HideSolutionNode = FALSE
	EndGlobalSection
	GlobalSection(ExtensibilityGlobals) = postSolution
		SolutionGuid = {B7492A49-2DEB-4ED0-857C-1E430D3E0F3C}
	EndGlobalSection
EndGlobal
